
Microsoft Visual Studio Solution File, Format Version 12.00
# Visual Studio Version 17
VisualStudioVersion = 17.5.33530.505
MinimumVisualStudioVersion = 10.0.40219.1
Project("{FAE04EC0-301F-11D3-BF4B-00C04F79EFBC}") = "SignalR", "SignalR.csproj", "{FCB43B0B-75D9-447F-93E1-7A47257A7196}"
EndProject
Global
	GlobalSection(SolutionConfigurationPlatforms) = preSolution
		Debug|Any CPU = Debug|Any CPU
		Release|Any CPU = Release|Any CPU
	EndGlobalSection
	GlobalSection(ProjectConfigurationPlatforms) = postSolution
		{FCB43B0B-75D9-447F-93E1-7A47257A7196}.Debug|Any CPU.ActiveCfg = Debug|Any CPU
		{FCB43B0B-75D9-447F-93E1-7A47257A7196}.Debug|Any CPU.Build.0 = Debug|Any CPU
		{FCB43B0B-75D9-447F-93E1-7A47257A7196}.Release|Any CPU.ActiveCfg = Release|Any CPU
		{FCB43B0B-75D9-447F-93E1-7A47257A7196}.Release|Any CPU.Build.0 = Release|Any CPU
	EndGlobalSection
	GlobalSection(SolutionProperties) = preSolution
		HideSolutionNode = FALSE
	EndGlobalSection
	GlobalSection(ExtensibilityGlobals) = postSolution
		SolutionGuid = {68C20B8C-AA55-4516-A468-72B51EC7B393}
	EndGlobalSection
EndGlobal
